{
  "name": "backend_django",
  "lockfileVersion": 3,
  "requires": true,
  "packages": {
    "": {
      "dependencies": {
        "kakao-js-sdk": "^1.2.3"
      }
    },
    "node_modules/kakao-js-sdk": {
      "version": "1.2.3",
      "resolved": "https://registry.npmjs.org/kakao-js-sdk/-/kakao-js-sdk-1.2.3.tgz",
      "integrity": "sha512-VdKKF205YxKATFOwjifCwZ2JKAGSabn1IM6b15sxz+qkUYKoYYJitdUPqn3JtvO8IhzYQbDOBVlwti+S+9BVNg==",
      "license": "MIT"
    }
  }
}
